// !$*UTF8*$!
{
	archiveVersion = 1;
	classes = {
	};
	objectVersion = 50;
	objects = {

/* Begin PBXBuildFile section */
		2C62672C2409BD46001AFFED /* DocumentCell.swift in Sources */ = {isa = PBXBuildFile; fileRef = 2C62672B2409BD46001AFFED /* DocumentCell.swift */; };
		2CE0F32F2405162C001765C1 /* AppDelegate.swift in Sources */ = {isa = PBXBuildFile; fileRef = 2CE0F32E2405162C001765C1 /* AppDelegate.swift */; };
		2CE0F3312405162C001765C1 /* SceneDelegate.swift in Sources */ = {isa = PBXBuildFile; fileRef = 2CE0F3302405162C001765C1 /* SceneDelegate.swift */; };
		2CE0F3332405162C001765C1 /* ViewController.swift in Sources */ = {isa = PBXBuildFile; fileRef = 2CE0F3322405162C001765C1 /* ViewController.swift */; };
		2CE0F3362405162C001765C1 /* Main.storyboard in Resources */ = {isa = PBXBuildFile; fileRef = 2CE0F3342405162C001765C1 /* Main.storyboard */; };
		2CE0F3392405162C001765C1 /* CloudPicker.xcdatamodeld in Sources */ = {isa = PBXBuildFile; fileRef = 2CE0F3372405162C001765C1 /* CloudPicker.xcdatamodeld */; };
		2CE0F33B24051636001765C1 /* Assets.xcassets in Resources */ = {isa = PBXBuildFile; fileRef = 2CE0F33A24051636001765C1 /* Assets.xcassets */; };
		2CE0F33E24051636001765C1 /* LaunchScreen.storyboard in Resources */ = {isa = PBXBuildFile; fileRef = 2CE0F33C24051636001765C1 /* LaunchScreen.storyboard */; };
		2CE0F34924051636001765C1 /* CloudPickerTests.swift in Sources */ = {isa = PBXBuildFile; fileRef = 2CE0F34824051636001765C1 /* CloudPickerTests.swift */; };
		2CE0F35424051636001765C1 /* CloudPickerUITests.swift in Sources */ = {isa = PBXBuildFile; fileRef = 2CE0F35324051636001765C1 /* CloudPickerUITests.swift */; };
		2CE0F36224051ACC001765C1 /* CloudPicker.swift in Sources */ = {isa = PBXBuildFile; fileRef = 2CE0F36124051ACC001765C1 /* CloudPicker.swift */; };
/* End PBXBuildFile section */

/* Begin PBXContainerItemProxy section */
		2CE0F34524051636001765C1 /* PBXContainerItemProxy */ = {
			isa = PBXContainerItemProxy;
			containerPortal = 2CE0F3232405162C001765C1 /* Project object */;
			proxyType = 1;
			remoteGlobalIDString = 2CE0F32A2405162C001765C1;
			remoteInfo = CloudPicker;
		};
		2CE0F35024051636001765C1 /* PBXContainerItemProxy */ = {
			isa = PBXContainerItemProxy;
			containerPortal = 2CE0F3232405162C001765C1 /* Project object */;
			proxyType = 1;
			remoteGlobalIDString = 2CE0F32A2405162C001765C1;
			remoteInfo = CloudPicker;
		};
/* End PBXContainerItemProxy section */

/* Begin PBXFileReference section */
		2C62672B2409BD46001AFFED /* DocumentCell.swift */ = {isa = PBXFileReference; lastKnownFileType = sourcecode.swift; path = DocumentCell.swift; sourceTree = "<group>"; };
		2CE0F32B2405162C001765C1 /* CloudPicker.app */ = {isa = PBXFileReference; explicitFileType = wrapper.application; includeInIndex = 0; path = CloudPicker.app; sourceTree = BUILT_PRODUCTS_DIR; };
		2CE0F32E2405162C001765C1 /* AppDelegate.swift */ = {isa = PBXFileReference; lastKnownFileType = sourcecode.swift; path = AppDelegate.swift; sourceTree = "<group>"; };
		2CE0F3302405162C001765C1 /* SceneDelegate.swift */ = {isa = PBXFileReference; lastKnownFileType = sourcecode.swift; path = SceneDelegate.swift; sourceTree = "<group>"; };
		2CE0F3322405162C001765C1 /* ViewController.swift */ = {isa = PBXFileReference; lastKnownFileType = sourcecode.swift; path = ViewController.swift; sourceTree = "<group>"; };
		2CE0F3352405162C001765C1 /* Base */ = {isa = PBXFileReference; lastKnownFileType = file.storyboard; name = Base; path = Base.lproj/Main.storyboard; sourceTree = "<group>"; };
		2CE0F3382405162C001765C1 /* CloudPicker.xcdatamodel */ = {isa = PBXFileReference; lastKnownFileType = wrapper.xcdatamodel; path = CloudPicker.xcdatamodel; sourceTree = "<group>"; };
		2CE0F33A24051636001765C1 /* Assets.xcassets */ = {isa = PBXFileReference; lastKnownFileType = folder.assetcatalog; path = Assets.xcassets; sourceTree = "<group>"; };
		2CE0F33D24051636001765C1 /* Base */ = {isa = PBXFileReference; lastKnownFileType = file.storyboard; name = Base; path = Base.lproj/LaunchScreen.storyboard; sourceTree = "<group>"; };
		2CE0F33F24051636001765C1 /* Info.plist */ = {isa = PBXFileReference; lastKnownFileType = text.plist.xml; path = Info.plist; sourceTree = "<group>"; };
		2CE0F34424051636001765C1 /* CloudPickerTests.xctest */ = {isa = PBXFileReference; explicitFileType = wrapper.cfbundle; includeInIndex = 0; path = CloudPickerTests.xctest; sourceTree = BUILT_PRODUCTS_DIR; };
		2CE0F34824051636001765C1 /* CloudPickerTests.swift */ = {isa = PBXFileReference; lastKnownFileType = sourcecode.swift; path = CloudPickerTests.swift; sourceTree = "<group>"; };
		2CE0F34A24051636001765C1 /* Info.plist */ = {isa = PBXFileReference; lastKnownFileType = text.plist.xml; path = Info.plist; sourceTree = "<group>"; };
		2CE0F34F24051636001765C1 /* CloudPickerUITests.xctest */ = {isa = PBXFileReference; explicitFileType = wrapper.cfbundle; includeInIndex = 0; path = CloudPickerUITests.xctest; sourceTree = BUILT_PRODUCTS_DIR; };
		2CE0F35324051636001765C1 /* CloudPickerUITests.swift */ = {isa = PBXFileReference; lastKnownFileType = sourcecode.swift; path = CloudPickerUITests.swift; sourceTree = "<group>"; };
		2CE0F35524051636001765C1 /* Info.plist */ = {isa = PBXFileReference; lastKnownFileType = text.plist.xml; path = Info.plist; sourceTree = "<group>"; };
		2CE0F36124051ACC001765C1 /* CloudPicker.swift */ = {isa = PBXFileReference; lastKnownFileType = sourcecode.swift; path = CloudPicker.swift; sourceTree = "<group>"; };
/* End PBXFileReference section */

/* Begin PBXFrameworksBuildPhase section */
		2CE0F3282405162C001765C1 /* Frameworks */ = {
			isa = PBXFrameworksBuildPhase;
			buildActionMask = 2147483647;
			files = (
			);
			runOnlyForDeploymentPostprocessing = 0;
		};
		2CE0F34124051636001765C1 /* Frameworks */ = {
			isa = PBXFrameworksBuildPhase;
			buildActionMask = 2147483647;
			files = (
			);
			runOnlyForDeploymentPostprocessing = 0;
		};
		2CE0F34C24051636001765C1 /* Frameworks */ = {
			isa = PBXFrameworksBuildPhase;
			buildActionMask = 2147483647;
			files = (
			);
			runOnlyForDeploymentPostprocessing = 0;
		};
/* End PBXFrameworksBuildPhase section */

/* Begin PBXGroup section */
		2CE0F3222405162C001765C1 = {
			isa = PBXGroup;
			children = (
				2CE0F32D2405162C001765C1 /* CloudPicker */,
				2CE0F34724051636001765C1 /* CloudPickerTests */,
				2CE0F35224051636001765C1 /* CloudPickerUITests */,
				2CE0F32C2405162C001765C1 /* Products */,
			);
			sourceTree = "<group>";
		};
		2CE0F32C2405162C001765C1 /* Products */ = {
			isa = PBXGroup;
			children = (
				2CE0F32B2405162C001765C1 /* CloudPicker.app */,
				2CE0F34424051636001765C1 /* CloudPickerTests.xctest */,
				2CE0F34F24051636001765C1 /* CloudPickerUITests.xctest */,
			);
			name = Products;
			sourceTree = "<group>";
		};
		2CE0F32D2405162C001765C1 /* CloudPicker */ = {
			isa = PBXGroup;
			children = (
				2CE0F32E2405162C001765C1 /* AppDelegate.swift */,
				2CE0F3302405162C001765C1 /* SceneDelegate.swift */,
				2CE0F36124051ACC001765C1 /* CloudPicker.swift */,
				2C62672B2409BD46001AFFED /* DocumentCell.swift */,
				2CE0F3322405162C001765C1 /* ViewController.swift */,
				2CE0F3342405162C001765C1 /* Main.storyboard */,
				2CE0F33A24051636001765C1 /* Assets.xcassets */,
				2CE0F33C24051636001765C1 /* LaunchScreen.storyboard */,
				2CE0F33F24051636001765C1 /* Info.plist */,
				2CE0F3372405162C001765C1 /* CloudPicker.xcdatamodeld */,
			);
			path = CloudPicker;
			sourceTree = "<group>";
		};
		2CE0F34724051636001765C1 /* CloudPickerTests */ = {
			isa = PBXGroup;
			children = (
				2CE0F34824051636001765C1 /* CloudPickerTests.swift */,
				2CE0F34A24051636001765C1 /* Info.plist */,
			);
			path = CloudPickerTests;
			sourceTree = "<group>";
		};
		2CE0F35224051636001765C1 /* CloudPickerUITests */ = {
			isa = PBXGroup;
			children = (
				2CE0F35324051636001765C1 /* CloudPickerUITests.swift */,
				2CE0F35524051636001765C1 /* Info.plist */,
			);
			path = CloudPickerUITests;
			sourceTree = "<group>";
		};
/* End PBXGroup section */

/* Begin PBXNativeTarget section */
		2CE0F32A2405162C001765C1 /* CloudPicker */ = {
			isa = PBXNativeTarget;
			buildConfigurationList = 2CE0F35824051636001765C1 /* Build configuration list for PBXNativeTarget "CloudPicker" */;
			buildPhases = (
				2CE0F3272405162C001765C1 /* Sources */,
				2CE0F3282405162C001765C1 /* Frameworks */,
				2CE0F3292405162C001765C1 /* Resources */,
			);
			buildRules = (
			);
			dependencies = (
			);
			name = CloudPicker;
			productName = CloudPicker;
			productReference = 2CE0F32B2405162C001765C1 /* CloudPicker.app */;
			productType = "com.apple.product-type.application";
		};
		2CE0F34324051636001765C1 /* CloudPickerTests */ = {
			isa = PBXNativeTarget;
			buildConfigurationList = 2CE0F35B24051636001765C1 /* Build configuration list for PBXNativeTarget "CloudPickerTests" */;
			buildPhases = (
				2CE0F34024051636001765C1 /* Sources */,
				2CE0F34124051636001765C1 /* Frameworks */,
				2CE0F34224051636001765C1 /* Resources */,
			);
			buildRules = (
			);
			dependencies = (
				2CE0F34624051636001765C1 /* PBXTargetDependency */,
			);
			name = CloudPickerTests;
			productName = CloudPickerTests;
			productReference = 2CE0F34424051636001765C1 /* CloudPickerTests.xctest */;
			productType = "com.apple.product-type.bundle.unit-test";
		};
		2CE0F34E24051636001765C1 /* CloudPickerUITests */ = {
			isa = PBXNativeTarget;
			buildConfigurationList = 2CE0F35E24051636001765C1 /* Build configuration list for PBXNativeTarget "CloudPickerUITests" */;
			buildPhases = (
				2CE0F34B24051636001765C1 /* Sources */,
				2CE0F34C24051636001765C1 /* Frameworks */,
				2CE0F34D24051636001765C1 /* Resources */,
			);
			buildRules = (
			);
			dependencies = (
				2CE0F35124051636001765C1 /* PBXTargetDependency */,
			);
			name = CloudPickerUITests;
			productName = CloudPickerUITests;
			productReference = 2CE0F34F24051636001765C1 /* CloudPickerUITests.xctest */;
			productType = "com.apple.product-type.bundle.ui-testing";
		};
/* End PBXNativeTarget section */

/* Begin PBXProject section */
		2CE0F3232405162C001765C1 /* Project object */ = {
			isa = PBXProject;
			attributes = {
				LastSwiftUpdateCheck = 1130;
				LastUpgradeCheck = 1130;
				ORGANIZATIONNAME = "Slawomir Kurczewski";
				TargetAttributes = {
					2CE0F32A2405162C001765C1 = {
						CreatedOnToolsVersion = 11.3.1;
					};
					2CE0F34324051636001765C1 = {
						CreatedOnToolsVersion = 11.3.1;
						TestTargetID = 2CE0F32A2405162C001765C1;
					};
					2CE0F34E24051636001765C1 = {
						CreatedOnToolsVersion = 11.3.1;
						TestTargetID = 2CE0F32A2405162C001765C1;
					};
				};
			};
			buildConfigurationList = 2CE0F3262405162C001765C1 /* Build configuration list for PBXProject "CloudPicker" */;
			compatibilityVersion = "Xcode 9.3";
			developmentRegion = en;
			hasScannedForEncodings = 0;
			knownRegions = (
				en,
				Base,
			);
			mainGroup = 2CE0F3222405162C001765C1;
			productRefGroup = 2CE0F32C2405162C001765C1 /* Products */;
			projectDirPath = "";
			projectRoot = "";
			targets = (
				2CE0F32A2405162C001765C1 /* CloudPicker */,
				2CE0F34324051636001765C1 /* CloudPickerTests */,
				2CE0F34E24051636001765C1 /* CloudPickerUITests */,
			);
		};
/* End PBXProject section */

/* Begin PBXResourcesBuildPhase section */
		2CE0F3292405162C001765C1 /* Resources */ = {
			isa = PBXResourcesBuildPhase;
			buildActionMask = 2147483647;
			files = (
				2CE0F33E24051636001765C1 /* LaunchScreen.storyboard in Resources */,
				2CE0F33B24051636001765C1 /* Assets.xcassets in Resources */,
				2CE0F3362405162C001765C1 /* Main.storyboard in Resources */,
			);
			runOnlyForDeploymentPostprocessing = 0;
		};
		2CE0F34224051636001765C1 /* Resources */ = {
			isa = PBXResourcesBuildPhase;
			buildActionMask = 2147483647;
			files = (
			);
			runOnlyForDeploymentPostprocessing = 0;
		};
		2CE0F34D24051636001765C1 /* Resources */ = {
			isa = PBXResourcesBuildPhase;
			buildActionMask = 2147483647;
			files = (
			);
			runOnlyForDeploymentPostprocessing = 0;
		};
/* End PBXResourcesBuildPhase section */

/* Begin PBXSourcesBuildPhase section */
		2CE0F3272405162C001765C1 /* Sources */ = {
			isa = PBXSourcesBuildPhase;
			buildActionMask = 2147483647;
			files = (
				2C62672C2409BD46001AFFED /* DocumentCell.swift in Sources */,
				2CE0F36224051ACC001765C1 /* CloudPicker.swift in Sources */,
				2CE0F3332405162C001765C1 /* ViewController.swift in Sources */,
				2CE0F3392405162C001765C1 /* CloudPicker.xcdatamodeld in Sources */,
				2CE0F32F2405162C001765C1 /* AppDelegate.swift in Sources */,
				2CE0F3312405162C001765C1 /* SceneDelegate.swift in Sources */,
			);
			runOnlyForDeploymentPostprocessing = 0;
		};
		2CE0F34024051636001765C1 /* Sources */ = {
			isa = PBXSourcesBuildPhase;
			buildActionMask = 2147483647;
			files = (
				2CE0F34924051636001765C1 /* CloudPickerTests.swift in Sources */,
			);
			runOnlyForDeploymentPostprocessing = 0;
		};
		2CE0F34B24051636001765C1 /* Sources */ = {
			isa = PBXSourcesBuildPhase;
			buildActionMask = 2147483647;
			files = (
				2CE0F35424051636001765C1 /* CloudPickerUITests.swift in Sources */,
			);
			runOnlyForDeploymentPostprocessing = 0;
		};
/* End PBXSourcesBuildPhase section */

/* Begin PBXTargetDependency section */
		2CE0F34624051636001765C1 /* PBXTargetDependency */ = {
			isa = PBXTargetDependency;
			target = 2CE0F32A2405162C001765C1 /* CloudPicker */;
			targetProxy = 2CE0F34524051636001765C1 /* PBXContainerItemProxy */;
		};
		2CE0F35124051636001765C1 /* PBXTargetDependency */ = {
			isa = PBXTargetDependency;
			target = 2CE0F32A2405162C001765C1 /* CloudPicker */;
			targetProxy = 2CE0F35024051636001765C1 /* PBXContainerItemProxy */;
		};
/* End PBXTargetDependency section */

/* Begin PBXVariantGroup section */
		2CE0F3342405162C001765C1 /* Main.storyboard */ = {
			isa = PBXVariantGroup;
			children = (
				2CE0F3352405162C001765C1 /* Base */,
			);
			name = Main.storyboard;
			sourceTree = "<group>";
		};
		2CE0F33C24051636001765C1 /* LaunchScreen.storyboard */ = {
			isa = PBXVariantGroup;
			children = (
				2CE0F33D24051636001765C1 /* Base */,
			);
			name = LaunchScreen.storyboard;
			sourceTree = "<group>";
		};
/* End PBXVariantGroup section */

/* Begin XCBuildConfiguration section */
		2CE0F35624051636001765C1 /* Debug */ = {
			isa = XCBuildConfiguration;
			buildSettings = {
				ALWAYS_SEARCH_USER_PATHS = NO;
				CLANG_ANALYZER_NONNULL = YES;
				CLANG_ANALYZER_NUMBER_OBJECT_CONVERSION = YES_AGGRESSIVE;
				CLANG_CXX_LANGUAGE_STANDARD = "gnu++14";
				CLANG_CXX_LIBRARY = "libc++";
				CLANG_ENABLE_MODULES = YES;
				CLANG_ENABLE_OBJC_ARC = YES;
				CLANG_ENABLE_OBJC_WEAK = YES;
				CLANG_WARN_BLOCK_CAPTURE_AUTORELEASING = YES;
				CLANG_WARN_BOOL_CONVERSION = YES;
				CLANG_WARN_COMMA = YES;
				CLANG_WARN_CONSTANT_CONVERSION = YES;
				CLANG_WARN_DEPRECATED_OBJC_IMPLEMENTATIONS = YES;
				CLANG_WARN_DIRECT_OBJC_ISA_USAGE = YES_ERROR;
				CLANG_WARN_DOCUMENTATION_COMMENTS = YES;
				CLANG_WARN_EMPTY_BODY = YES;
				CLANG_WARN_ENUM_CONVERSION = YES;
				CLANG_WARN_INFINITE_RECURSION = YES;
				CLANG_WARN_INT_CONVERSION = YES;
				CLANG_WARN_NON_LITERAL_NULL_CONVERSION = YES;
				CLANG_WARN_OBJC_IMPLICIT_RETAIN_SELF = YES;
				CLANG_WARN_OBJC_LITERAL_CONVERSION = YES;
				CLANG_WARN_OBJC_ROOT_CLASS = YES_ERROR;
				CLANG_WARN_RANGE_LOOP_ANALYSIS = YES;
				CLANG_WARN_STRICT_PROTOTYPES = YES;
				CLANG_WARN_SUSPICIOUS_MOVE = YES;
				CLANG_WARN_UNGUARDED_AVAILABILITY = YES_AGGRESSIVE;
				CLANG_WARN_UNREACHABLE_CODE = YES;
				CLANG_WARN__DUPLICATE_METHOD_MATCH = YES;
				COPY_PHASE_STRIP = NO;
				DEBUG_INFORMATION_FORMAT = dwarf;
				ENABLE_STRICT_OBJC_MSGSEND = YES;
				ENABLE_TESTABILITY = YES;
				GCC_C_LANGUAGE_STANDARD = gnu11;
				GCC_DYNAMIC_NO_PIC = NO;
				GCC_NO_COMMON_BLOCKS = YES;
				GCC_OPTIMIZATION_LEVEL = 0;
				GCC_PREPROCESSOR_DEFINITIONS = (
					"DEBUG=1",
					"$(inherited)",
				);
				GCC_WARN_64_TO_32_BIT_CONVERSION = YES;
				GCC_WARN_ABOUT_RETURN_TYPE = YES_ERROR;
				GCC_WARN_UNDECLARED_SELECTOR = YES;
				GCC_WARN_UNINITIALIZED_AUTOS = YES_AGGRESSIVE;
				GCC_WARN_UNUSED_FUNCTION = YES;
				GCC_WARN_UNUSED_VARIABLE = YES;
				IPHONEOS_DEPLOYMENT_TARGET = 13.2;
				MTL_ENABLE_DEBUG_INFO = INCLUDE_SOURCE;
				MTL_FAST_MATH = YES;
				ONLY_ACTIVE_ARCH = YES;
				SDKROOT = iphoneos;
				SWIFT_ACTIVE_COMPILATION_CONDITIONS = DEBUG;
				SWIFT_OPTIMIZATION_LEVEL = "-Onone";
			};
			name = Debug;
		};
		2CE0F35724051636001765C1 /* Release */ = {
			isa = XCBuildConfiguration;
			buildSettings = {
				ALWAYS_SEARCH_USER_PATHS = NO;
				CLANG_ANALYZER_NONNULL = YES;
				CLANG_ANALYZER_NUMBER_OBJECT_CONVERSION = YES_AGGRESSIVE;
				CLANG_CXX_LANGUAGE_STANDARD = "gnu++14";
				CLANG_CXX_LIBRARY = "libc++";
				CLANG_ENABLE_MODULES = YES;
				CLANG_ENABLE_OBJC_ARC = YES;
				CLANG_ENABLE_OBJC_WEAK = YES;
				CLANG_WARN_BLOCK_CAPTURE_AUTORELEASING = YES;
				CLANG_WARN_BOOL_CONVERSION = YES;
				CLANG_WARN_COMMA = YES;
				CLANG_WARN_CONSTANT_CONVERSION = YES;
				CLANG_WARN_DEPRECATED_OBJC_IMPLEMENTATIONS = YES;
				CLANG_WARN_DIRECT_OBJC_ISA_USAGE = YES_ERROR;
				CLANG_WARN_DOCUMENTATION_COMMENTS = YES;
				CLANG_WARN_EMPTY_BODY = YES;
				CLANG_WARN_ENUM_CONVERSION = YES;
				CLANG_WARN_INFINITE_RECURSION = YES;
				CLANG_WARN_INT_CONVERSION = YES;
				CLANG_WARN_NON_LITERAL_NULL_CONVERSION = YES;
				CLANG_WARN_OBJC_IMPLICIT_RETAIN_SELF = YES;
				CLANG_WARN_OBJC_LITERAL_CONVERSION = YES;
				CLANG_WARN_OBJC_ROOT_CLASS = YES_ERROR;
				CLANG_WARN_RANGE_LOOP_ANALYSIS = YES;
				CLANG_WARN_STRICT_PROTOTYPES = YES;
				CLANG_WARN_SUSPICIOUS_MOVE = YES;
				CLANG_WARN_UNGUARDED_AVAILABILITY = YES_AGGRESSIVE;
				CLANG_WARN_UNREACHABLE_CODE = YES;
				CLANG_WARN__DUPLICATE_METHOD_MATCH = YES;
				COPY_PHASE_STRIP = NO;
				DEBUG_INFORMATION_FORMAT = "dwarf-with-dsym";
				ENABLE_NS_ASSERTIONS = NO;
				ENABLE_STRICT_OBJC_MSGSEND = YES;
				GCC_C_LANGUAGE_STANDARD = gnu11;
				GCC_NO_COMMON_BLOCKS = YES;
				GCC_WARN_64_TO_32_BIT_CONVERSION = YES;
				GCC_WARN_ABOUT_RETURN_TYPE = YES_ERROR;
				GCC_WARN_UNDECLARED_SELECTOR = YES;
				GCC_WARN_UNINITIALIZED_AUTOS = YES_AGGRESSIVE;
				GCC_WARN_UNUSED_FUNCTION = YES;
				GCC_WARN_UNUSED_VARIABLE = YES;
				IPHONEOS_DEPLOYMENT_TARGET = 13.2;
				MTL_ENABLE_DEBUG_INFO = NO;
				MTL_FAST_MATH = YES;
				SDKROOT = iphoneos;
				SWIFT_COMPILATION_MODE = wholemodule;
				SWIFT_OPTIMIZATION_LEVEL = "-O";
				VALIDATE_PRODUCT = YES;
			};
			name = Release;
		};
		2CE0F35924051636001765C1 /* Debug */ = {
			isa = XCBuildConfiguration;
			buildSettings = {
				ASSETCATALOG_COMPILER_APPICON_NAME = AppIcon;
				CODE_SIGN_STYLE = Automatic;
				DEVELOPMENT_TEAM = 667E7NU7M9;
				INFOPLIST_FILE = CloudPicker/Info.plist;
				LD_RUNPATH_SEARCH_PATHS = (
					"$(inherited)",
					"@executable_path/Frameworks",
				);
				PRODUCT_BUNDLE_IDENTIFIER = com.myqnapcloud.skurczewski.CloudPicker;
				PRODUCT_NAME = "$(TARGET_NAME)";
				SWIFT_VERSION = 5.0;
				TARGETED_DEVICE_FAMILY = "1,2";
			};
			name = Debug;
		};
		2CE0F35A24051636001765C1 /* Release */ = {
			isa = XCBuildConfiguration;
			buildSettings = {
				ASSETCATALOG_COMPILER_APPICON_NAME = AppIcon;
				CODE_SIGN_STYLE = Automatic;
				DEVELOPMENT_TEAM = 667E7NU7M9;
				INFOPLIST_FILE = CloudPicker/Info.plist;
				LD_RUNPATH_SEARCH_PATHS = (
					"$(inherited)",
					"@executable_path/Frameworks",
				);
				PRODUCT_BUNDLE_IDENTIFIER = com.myqnapcloud.skurczewski.CloudPicker;
				PRODUCT_NAME = "$(TARGET_NAME)";
				SWIFT_VERSION = 5.0;
				TARGETED_DEVICE_FAMILY = "1,2";
			};
			name = Release;
		};
		2CE0F35C24051636001765C1 /* Debug */ = {
			isa = XCBuildConfiguration;
			buildSettings = {
				ALWAYS_EMBED_SWIFT_STANDARD_LIBRARIES = YES;
				BUNDLE_LOADER = "$(TEST_HOST)";
				CODE_SIGN_STYLE = Automatic;
				DEVELOPMENT_TEAM = 667E7NU7M9;
				INFOPLIST_FILE = CloudPickerTests/Info.plist;
				IPHONEOS_DEPLOYMENT_TARGET = 13.2;
				LD_RUNPATH_SEARCH_PATHS = (
					"$(inherited)",
					"@executable_path/Frameworks",
					"@loader_path/Frameworks",
				);
				PRODUCT_BUNDLE_IDENTIFIER = com.myqnapcloud.skurczewski.CloudPickerTests;
				PRODUCT_NAME = "$(TARGET_NAME)";
				SWIFT_VERSION = 5.0;
				TARGETED_DEVICE_FAMILY = "1,2";
				TEST_HOST = "$(BUILT_PRODUCTS_DIR)/CloudPicker.app/CloudPicker";
			};
			name = Debug;
		};
		2CE0F35D24051636001765C1 /* Release */ = {
			isa = XCBuildConfiguration;
			buildSettings = {
				ALWAYS_EMBED_SWIFT_STANDARD_LIBRARIES = YES;
				BUNDLE_LOADER = "$(TEST_HOST)";
				CODE_SIGN_STYLE = Automatic;
				DEVELOPMENT_TEAM = 667E7NU7M9;
				INFOPLIST_FILE = CloudPickerTests/Info.plist;
				IPHONEOS_DEPLOYMENT_TARGET = 13.2;
				LD_RUNPATH_SEARCH_PATHS = (
					"$(inherited)",
					"@executable_path/Frameworks",
					"@loader_path/Frameworks",
				);
				PRODUCT_BUNDLE_IDENTIFIER = com.myqnapcloud.skurczewski.CloudPickerTests;
				PRODUCT_NAME = "$(TARGET_NAME)";
				SWIFT_VERSION = 5.0;
				TARGETED_DEVICE_FAMILY = "1,2";
				TEST_HOST = "$(BUILT_PRODUCTS_DIR)/CloudPicker.app/CloudPicker";
			};
			name = Release;
		};
		2CE0F35F24051636001765C1 /* Debug */ = {
			isa = XCBuildConfiguration;
			buildSettings = {
				ALWAYS_EMBED_SWIFT_STANDARD_LIBRARIES = YES;
				CODE_SIGN_STYLE = Automatic;
				DEVELOPMENT_TEAM = 667E7NU7M9;
				INFOPLIST_FILE = CloudPickerUITests/Info.plist;
				LD_RUNPATH_SEARCH_PATHS = (
					"$(inherited)",
					"@executable_path/Frameworks",
					"@loader_path/Frameworks",
				);
				PRODUCT_BUNDLE_IDENTIFIER = com.myqnapcloud.skurczewski.CloudPickerUITests;
				PRODUCT_NAME = "$(TARGET_NAME)";
				SWIFT_VERSION = 5.0;
				TARGETED_DEVICE_FAMILY = "1,2";
				TEST_TARGET_NAME = CloudPicker;
			};
			name = Debug;
		};
		2CE0F36024051636001765C1 /* Release */ = {
			isa = XCBuildConfiguration;
			buildSettings = {
				ALWAYS_EMBED_SWIFT_STANDARD_LIBRARIES = YES;
				CODE_SIGN_STYLE = Automatic;
				DEVELOPMENT_TEAM = 667E7NU7M9;
				INFOPLIST_FILE = CloudPickerUITests/Info.plist;
				LD_RUNPATH_SEARCH_PATHS = (
					"$(inherited)",
					"@executable_path/Frameworks",
					"@loader_path/Frameworks",
				);
				PRODUCT_BUNDLE_IDENTIFIER = com.myqnapcloud.skurczewski.CloudPickerUITests;
				PRODUCT_NAME = "$(TARGET_NAME)";
				SWIFT_VERSION = 5.0;
				TARGETED_DEVICE_FAMILY = "1,2";
				TEST_TARGET_NAME = CloudPicker;
			};
			name = Release;
		};
/* End XCBuildConfiguration section */

/* Begin XCConfigurationList section */
		2CE0F3262405162C001765C1 /* Build configuration list for PBXProject "CloudPicker" */ = {
			isa = XCConfigurationList;
			buildConfigurations = (
				2CE0F35624051636001765C1 /* Debug */,
				2CE0F35724051636001765C1 /* Release */,
			);
			defaultConfigurationIsVisible = 0;
			defaultConfigurationName = Release;
		};
		2CE0F35824051636001765C1 /* Build configuration list for PBXNativeTarget "CloudPicker" */ = {
			isa = XCConfigurationList;
			buildConfigurations = (
				2CE0F35924051636001765C1 /* Debug */,
				2CE0F35A24051636001765C1 /* Release */,
			);
			defaultConfigurationIsVisible = 0;
			defaultConfigurationName = Release;
		};
		2CE0F35B24051636001765C1 /* Build configuration list for PBXNativeTarget "CloudPickerTests" */ = {
			isa = XCConfigurationList;
			buildConfigurations = (
				2CE0F35C24051636001765C1 /* Debug */,
				2CE0F35D24051636001765C1 /* Release */,
			);
			defaultConfigurationIsVisible = 0;
			defaultConfigurationName = Release;
		};
		2CE0F35E24051636001765C1 /* Build configuration list for PBXNativeTarget "CloudPickerUITests" */ = {
			isa = XCConfigurationList;
			buildConfigurations = (
				2CE0F35F24051636001765C1 /* Debug */,
				2CE0F36024051636001765C1 /* Release */,
			);
			defaultConfigurationIsVisible = 0;
			defaultConfigurationName = Release;
		};
/* End XCConfigurationList section */

/* Begin XCVersionGroup section */
		2CE0F3372405162C001765C1 /* CloudPicker.xcdatamodeld */ = {
			isa = XCVersionGroup;
			children = (
				2CE0F3382405162C001765C1 /* CloudPicker.xcdatamodel */,
			);
			currentVersion = 2CE0F3382405162C001765C1 /* CloudPicker.xcdatamodel */;
			path = CloudPicker.xcdatamodeld;
			sourceTree = "<group>";
			versionGroupType = wrapper.xcdatamodel;
		};
/* End XCVersionGroup section */
	};
	rootObject = 2CE0F3232405162C001765C1 /* Project object */;
}
